# This file is automatically @generated by Cargo.
# It is not intended for manual editing.
version = 4

[[package]]
name = "promax_tlottie"
version = "0.1.0"
dependencies = [
 "tlottie",
]

[[package]]
name = "tlottie"
version = "0.1.0"
source = "git+https://github.com/dkaraush/tlottie?rev=31f1b542f88e7b4be9a01e749920d857535fc715#31f1b542f88e7b4be9a01e749920d857535fc715"
